
Microsoft Visual Studio Solution File, Format Version 12.00
# Visual Studio 2013
# UnrealEngineGeneratedSolutionVersion=1.0
Project("{2150E333-8FDC-42A3-9474-1A3956D46DE8}") = "Engine", "Engine", "{828CEEFA-6459-4087-8613-D352B1851C5E}"
EndProject
Project("{2150E333-8FDC-42A3-9474-1A3956D46DE8}") = "Games", "Games", "{6C68047C-BC35-475E-9642-CB2608B5B500}"
EndProject
Project("{8BC9CEB8-8B4A-11D0-8D11-00A0C91BC942}") = "UE4", "Intermediate\ProjectFiles\UE4.vcxproj", "{E65B51C9-EFB3-4262-9766-C531FE7A0D08}"
EndProject
Project("{8BC9CEB8-8B4A-11D0-8D11-00A0C91BC942}") = "BotonLuz", "Intermediate\ProjectFiles\BotonLuz.vcxproj", "{91B1D5CC-FF29-42D7-ADE4-239DD65C545B}"
EndProject
Global
	GlobalSection(SolutionConfigurationPlatforms) = preSolution
		DebugGame Editor|Android = DebugGame Editor|Android
		DebugGame Editor|Win32 = DebugGame Editor|Win32
		DebugGame Editor|Win64 = DebugGame Editor|Win64
		DebugGame|Android = DebugGame|Android
		DebugGame|Win32 = DebugGame|Win32
		DebugGame|Win64 = DebugGame|Win64
		Development Editor|Android = Development Editor|Android
		Development Editor|Win32 = Development Editor|Win32
		Development Editor|Win64 = Development Editor|Win64
		Development|Android = Development|Android
		Development|Win32 = Development|Win32
		Development|Win64 = Development|Win64
		Shipping|Android = Shipping|Android
		Shipping|Win32 = Shipping|Win32
		Shipping|Win64 = Shipping|Win64
	EndGlobalSection
	GlobalSection(ProjectConfigurationPlatforms) = postSolution
		{91B1D5CC-FF29-42D7-ADE4-239DD65C545B}.DebugGame Editor|Android.ActiveCfg = DebugGame_Editor|Tegra-Android
		{91B1D5CC-FF29-42D7-ADE4-239DD65C545B}.DebugGame Editor|Android.Build.0 = DebugGame_Editor|Tegra-Android
		{91B1D5CC-FF29-42D7-ADE4-239DD65C545B}.DebugGame Editor|Win32.ActiveCfg = DebugGame_Editor|Win32
		{91B1D5CC-FF29-42D7-ADE4-239DD65C545B}.DebugGame Editor|Win32.Build.0 = DebugGame_Editor|Win32
		{91B1D5CC-FF29-42D7-ADE4-239DD65C545B}.DebugGame Editor|Win64.ActiveCfg = DebugGame_Editor|x64
		{91B1D5CC-FF29-42D7-ADE4-239DD65C545B}.DebugGame Editor|Win64.Build.0 = DebugGame_Editor|x64
		{91B1D5CC-FF29-42D7-ADE4-239DD65C545B}.DebugGame|Android.ActiveCfg = DebugGame_Game|Tegra-Android
		{91B1D5CC-FF29-42D7-ADE4-239DD65C545B}.DebugGame|Android.Build.0 = DebugGame_Game|Tegra-Android
		{91B1D5CC-FF29-42D7-ADE4-239DD65C545B}.DebugGame|Win32.ActiveCfg = DebugGame_Game|Win32
		{91B1D5CC-FF29-42D7-ADE4-239DD65C545B}.DebugGame|Win32.Build.0 = DebugGame_Game|Win32
		{91B1D5CC-FF29-42D7-ADE4-239DD65C545B}.DebugGame|Win64.ActiveCfg = DebugGame_Game|x64
		{91B1D5CC-FF29-42D7-ADE4-239DD65C545B}.DebugGame|Win64.Build.0 = DebugGame_Game|x64
		{91B1D5CC-FF29-42D7-ADE4-239DD65C545B}.Development Editor|Android.ActiveCfg = Development_Editor|Tegra-Android
		{91B1D5CC-FF29-42D7-ADE4-239DD65C545B}.Development Editor|Android.Build.0 = Development_Editor|Tegra-Android
		{91B1D5CC-FF29-42D7-ADE4-239DD65C545B}.Development Editor|Win32.ActiveCfg = Development_Editor|Win32
		{91B1D5CC-FF29-42D7-ADE4-239DD65C545B}.Development Editor|Win32.Build.0 = Development_Editor|Win32
		{91B1D5CC-FF29-42D7-ADE4-239DD65C545B}.Development Editor|Win64.ActiveCfg = Development_Editor|x64
		{91B1D5CC-FF29-42D7-ADE4-239DD65C545B}.Development Editor|Win64.Build.0 = Development_Editor|x64
		{91B1D5CC-FF29-42D7-ADE4-239DD65C545B}.Development|Android.ActiveCfg = Development_Game|Tegra-Android
		{91B1D5CC-FF29-42D7-ADE4-239DD65C545B}.Development|Android.Build.0 = Development_Game|Tegra-Android
		{91B1D5CC-FF29-42D7-ADE4-239DD65C545B}.Development|Win32.ActiveCfg = Development_Game|Win32
		{91B1D5CC-FF29-42D7-ADE4-239DD65C545B}.Development|Win32.Build.0 = Development_Game|Win32
		{91B1D5CC-FF29-42D7-ADE4-239DD65C545B}.Development|Win64.ActiveCfg = Development_Game|x64
		{91B1D5CC-FF29-42D7-ADE4-239DD65C545B}.Development|Win64.Build.0 = Development_Game|x64
		{91B1D5CC-FF29-42D7-ADE4-239DD65C545B}.Shipping|Android.ActiveCfg = Shipping_Game|Tegra-Android
		{91B1D5CC-FF29-42D7-ADE4-239DD65C545B}.Shipping|Android.Build.0 = Shipping_Game|Tegra-Android
		{91B1D5CC-FF29-42D7-ADE4-239DD65C545B}.Shipping|Win32.ActiveCfg = Shipping_Game|Win32
		{91B1D5CC-FF29-42D7-ADE4-239DD65C545B}.Shipping|Win32.Build.0 = Shipping_Game|Win32
		{91B1D5CC-FF29-42D7-ADE4-239DD65C545B}.Shipping|Win64.ActiveCfg = Shipping_Game|x64
		{91B1D5CC-FF29-42D7-ADE4-239DD65C545B}.Shipping|Win64.Build.0 = Shipping_Game|x64
	EndGlobalSection
	GlobalSection(SolutionProperties) = preSolution
		HideSolutionNode = FALSE
	EndGlobalSection
	GlobalSection(NestedProjects) = preSolution
		{E65B51C9-EFB3-4262-9766-C531FE7A0D08} = {828CEEFA-6459-4087-8613-D352B1851C5E}
		{91B1D5CC-FF29-42D7-ADE4-239DD65C545B} = {6C68047C-BC35-475E-9642-CB2608B5B500}
	EndGlobalSection
EndGlobal
