
Microsoft Visual Studio Solution File, Format Version 12.00
# Visual Studio 2013
VisualStudioVersion = 12.0.31101.0
MinimumVisualStudioVersion = 10.0.40219.1
Project("{2150E333-8FDC-42A3-9474-1A3956D46DE8}") = "Engine", "Engine", "{DFBB86B5-8614-4D77-9953-1CDBE3DEB9A8}"
EndProject
Project("{2150E333-8FDC-42A3-9474-1A3956D46DE8}") = "Games", "Games", "{34D4A00F-BE47-404F-935D-CF9097F4E2A6}"
EndProject
Project("{8BC9CEB8-8B4A-11D0-8D11-00A0C91BC942}") = "UE4", "Intermediate\ProjectFiles\UE4.vcxproj", "{3485F272-8875-45B9-AED2-39F164997281}"
EndProject
Project("{8BC9CEB8-8B4A-11D0-8D11-00A0C91BC942}") = "BotonLuz", "Intermediate\ProjectFiles\BotonLuz.vcxproj", "{0DF7A3A4-07C5-4158-B760-85367C1224E1}"
EndProject
Global
	GlobalSection(SolutionConfigurationPlatforms) = preSolution
		DebugGame Editor|Android = DebugGame Editor|Android
		DebugGame Editor|Win32 = DebugGame Editor|Win32
		DebugGame Editor|Win64 = DebugGame Editor|Win64
		DebugGame|Android = DebugGame|Android
		DebugGame|Win32 = DebugGame|Win32
		DebugGame|Win64 = DebugGame|Win64
		Development Editor|Android = Development Editor|Android
		Development Editor|Win32 = Development Editor|Win32
		Development Editor|Win64 = Development Editor|Win64
		Development|Android = Development|Android
		Development|Win32 = Development|Win32
		Development|Win64 = Development|Win64
		Shipping|Android = Shipping|Android
		Shipping|Win32 = Shipping|Win32
		Shipping|Win64 = Shipping|Win64
	EndGlobalSection
	GlobalSection(ProjectConfigurationPlatforms) = postSolution
		{3485F272-8875-45B9-AED2-39F164997281}.DebugGame Editor|Android.ActiveCfg = BuiltWithUnrealBuildTool|Win32
		{3485F272-8875-45B9-AED2-39F164997281}.DebugGame Editor|Win32.ActiveCfg = BuiltWithUnrealBuildTool|Win32
		{3485F272-8875-45B9-AED2-39F164997281}.DebugGame Editor|Win32.Build.0 = BuiltWithUnrealBuildTool|Win32
		{3485F272-8875-45B9-AED2-39F164997281}.DebugGame Editor|Win64.ActiveCfg = BuiltWithUnrealBuildTool|Win32
		{3485F272-8875-45B9-AED2-39F164997281}.DebugGame|Android.ActiveCfg = BuiltWithUnrealBuildTool|Win32
		{3485F272-8875-45B9-AED2-39F164997281}.DebugGame|Win32.ActiveCfg = BuiltWithUnrealBuildTool|Win32
		{3485F272-8875-45B9-AED2-39F164997281}.DebugGame|Win32.Build.0 = BuiltWithUnrealBuildTool|Win32
		{3485F272-8875-45B9-AED2-39F164997281}.DebugGame|Win64.ActiveCfg = BuiltWithUnrealBuildTool|Win32
		{3485F272-8875-45B9-AED2-39F164997281}.Development Editor|Android.ActiveCfg = BuiltWithUnrealBuildTool|Win32
		{3485F272-8875-45B9-AED2-39F164997281}.Development Editor|Win32.ActiveCfg = BuiltWithUnrealBuildTool|Win32
		{3485F272-8875-45B9-AED2-39F164997281}.Development Editor|Win32.Build.0 = BuiltWithUnrealBuildTool|Win32
		{3485F272-8875-45B9-AED2-39F164997281}.Development Editor|Win64.ActiveCfg = BuiltWithUnrealBuildTool|Win32
		{3485F272-8875-45B9-AED2-39F164997281}.Development|Android.ActiveCfg = BuiltWithUnrealBuildTool|Win32
		{3485F272-8875-45B9-AED2-39F164997281}.Development|Win32.ActiveCfg = BuiltWithUnrealBuildTool|Win32
		{3485F272-8875-45B9-AED2-39F164997281}.Development|Win32.Build.0 = BuiltWithUnrealBuildTool|Win32
		{3485F272-8875-45B9-AED2-39F164997281}.Development|Win64.ActiveCfg = BuiltWithUnrealBuildTool|Win32
		{3485F272-8875-45B9-AED2-39F164997281}.Shipping|Android.ActiveCfg = BuiltWithUnrealBuildTool|Win32
		{3485F272-8875-45B9-AED2-39F164997281}.Shipping|Win32.ActiveCfg = BuiltWithUnrealBuildTool|Win32
		{3485F272-8875-45B9-AED2-39F164997281}.Shipping|Win32.Build.0 = BuiltWithUnrealBuildTool|Win32
		{3485F272-8875-45B9-AED2-39F164997281}.Shipping|Win64.ActiveCfg = BuiltWithUnrealBuildTool|Win32
		{0DF7A3A4-07C5-4158-B760-85367C1224E1}.DebugGame Editor|Android.ActiveCfg = DebugGame_Game|Win32
		{0DF7A3A4-07C5-4158-B760-85367C1224E1}.DebugGame Editor|Win32.ActiveCfg = DebugGame_Editor|Win32
		{0DF7A3A4-07C5-4158-B760-85367C1224E1}.DebugGame Editor|Win32.Build.0 = DebugGame_Editor|Win32
		{0DF7A3A4-07C5-4158-B760-85367C1224E1}.DebugGame Editor|Win64.ActiveCfg = DebugGame_Editor|x64
		{0DF7A3A4-07C5-4158-B760-85367C1224E1}.DebugGame Editor|Win64.Build.0 = DebugGame_Editor|x64
		{0DF7A3A4-07C5-4158-B760-85367C1224E1}.DebugGame|Android.ActiveCfg = DebugGame_Game|Win32
		{0DF7A3A4-07C5-4158-B760-85367C1224E1}.DebugGame|Win32.ActiveCfg = DebugGame_Game|Win32
		{0DF7A3A4-07C5-4158-B760-85367C1224E1}.DebugGame|Win32.Build.0 = DebugGame_Game|Win32
		{0DF7A3A4-07C5-4158-B760-85367C1224E1}.DebugGame|Win64.ActiveCfg = DebugGame_Game|x64
		{0DF7A3A4-07C5-4158-B760-85367C1224E1}.DebugGame|Win64.Build.0 = DebugGame_Game|x64
		{0DF7A3A4-07C5-4158-B760-85367C1224E1}.Development Editor|Android.ActiveCfg = Development_Game|Win32
		{0DF7A3A4-07C5-4158-B760-85367C1224E1}.Development Editor|Win32.ActiveCfg = Development_Editor|Win32
		{0DF7A3A4-07C5-4158-B760-85367C1224E1}.Development Editor|Win32.Build.0 = Development_Editor|Win32
		{0DF7A3A4-07C5-4158-B760-85367C1224E1}.Development Editor|Win64.ActiveCfg = DebugGame_Editor|x64
		{0DF7A3A4-07C5-4158-B760-85367C1224E1}.Development Editor|Win64.Build.0 = DebugGame_Editor|x64
		{0DF7A3A4-07C5-4158-B760-85367C1224E1}.Development|Android.ActiveCfg = Development_Game|Win32
		{0DF7A3A4-07C5-4158-B760-85367C1224E1}.Development|Win32.ActiveCfg = Development_Game|Win32
		{0DF7A3A4-07C5-4158-B760-85367C1224E1}.Development|Win32.Build.0 = Development_Game|Win32
		{0DF7A3A4-07C5-4158-B760-85367C1224E1}.Development|Win64.ActiveCfg = Development_Game|x64
		{0DF7A3A4-07C5-4158-B760-85367C1224E1}.Development|Win64.Build.0 = Development_Game|x64
		{0DF7A3A4-07C5-4158-B760-85367C1224E1}.Shipping|Android.ActiveCfg = Shipping_Game|Win32
		{0DF7A3A4-07C5-4158-B760-85367C1224E1}.Shipping|Win32.ActiveCfg = Shipping_Game|Win32
		{0DF7A3A4-07C5-4158-B760-85367C1224E1}.Shipping|Win32.Build.0 = Shipping_Game|Win32
		{0DF7A3A4-07C5-4158-B760-85367C1224E1}.Shipping|Win64.ActiveCfg = Shipping_Game|x64
		{0DF7A3A4-07C5-4158-B760-85367C1224E1}.Shipping|Win64.Build.0 = Shipping_Game|x64
	EndGlobalSection
	GlobalSection(SolutionProperties) = preSolution
		HideSolutionNode = FALSE
	EndGlobalSection
	GlobalSection(NestedProjects) = preSolution
		{3485F272-8875-45B9-AED2-39F164997281} = {DFBB86B5-8614-4D77-9953-1CDBE3DEB9A8}
		{0DF7A3A4-07C5-4158-B760-85367C1224E1} = {34D4A00F-BE47-404F-935D-CF9097F4E2A6}
	EndGlobalSection
EndGlobal
